{"is_source_file": false, "format": "", "description": "", "external_files": [], "external_methods": [], "published": [], "classes": [], "methods": [], "calls": [], "search-terms": [], "state": 2, "file_id": 13, "knowledge_revision": 28, "git_revision": "cc852ef996e455f2c206d2ffe33843784891684b", "hash": "e9b4c3b42cef0193b7fddb548d37e652", "format-version": 4, "code-base-name": "default", "filename": "tic_tac_toe/post_process_status.lock", "revision_history": [{"28": "cc852ef996e455f2c206d2ffe33843784891684b"}]}